// !$*UTF8*$!
{
	archiveVersion = 1;
	classes = {
	};
	objectVersion = 51;
	objects = {

/* Begin PBXBuildFile section */
		59B9E4244D904BFAA3077B02 /* amplifyconfiguration.json in Resources */ = {isa = PBXBuildFile; fileRef = A8A6FE8C23DD4B2994833E20 /* amplifyconfiguration.json */; };
		7C39BE7B25ABC06700435ACE /* sync_expressions_protoApp.swift in Sources */ = {isa = PBXBuildFile; fileRef = 7C39BE7A25ABC06700435ACE /* sync_expressions_protoApp.swift */; };
		7C39BE7D25ABC06700435ACE /* ContentView.swift in Sources */ = {isa = PBXBuildFile; fileRef = 7C39BE7C25ABC06700435ACE /* ContentView.swift */; };
		7C39BE7F25ABC06900435ACE /* Assets.xcassets in Resources */ = {isa = PBXBuildFile; fileRef = 7C39BE7E25ABC06900435ACE /* Assets.xcassets */; };
		7C39BE8225ABC06900435ACE /* Preview Assets.xcassets in Resources */ = {isa = PBXBuildFile; fileRef = 7C39BE8125ABC06900435ACE /* Preview Assets.xcassets */; };
		7C39BE9925ABCD6F00435ACE /* AmplifyModels.swift in Sources */ = {isa = PBXBuildFile; fileRef = 7C39BE9525ABCD6F00435ACE /* AmplifyModels.swift */; };
		7C39BE9A25ABCD6F00435ACE /* TVSeries+Schema.swift in Sources */ = {isa = PBXBuildFile; fileRef = 7C39BE9625ABCD6F00435ACE /* TVSeries+Schema.swift */; };
		7C39BE9B25ABCD6F00435ACE /* Category.swift in Sources */ = {isa = PBXBuildFile; fileRef = 7C39BE9725ABCD6F00435ACE /* Category.swift */; };
		7C39BE9C25ABCD6F00435ACE /* TVSeries.swift in Sources */ = {isa = PBXBuildFile; fileRef = 7C39BE9825ABCD6F00435ACE /* TVSeries.swift */; };
		9C5B52A5383469D6A9A2D08B /* Pods_sync_expressions_proto.framework in Frameworks */ = {isa = PBXBuildFile; fileRef = ECEE4660EFCB67C472FC2D00 /* Pods_sync_expressions_proto.framework */; };
		D8EFBE913F8947A085717BEA /* awsconfiguration.json in Resources */ = {isa = PBXBuildFile; fileRef = 5EB0216245224CB3A9B12F92 /* awsconfiguration.json */; };
/* End PBXBuildFile section */

/* Begin PBXFileReference section */
		007E84E22CCE4344BBF7FC62 /* schema.graphql */ = {isa = PBXFileReference; explicitFileType = undefined; fileEncoding = 4; includeInIndex = 0; lastKnownFileType = text; name = schema.graphql; path = amplify/backend/api/amplifyDatasource/schema.graphql; sourceTree = "<group>"; };
		028D7F0A394E40459772BE19 /* amplifytools.xcconfig */ = {isa = PBXFileReference; explicitFileType = undefined; fileEncoding = 4; includeInIndex = 0; lastKnownFileType = text.xcconfig; path = amplifytools.xcconfig; sourceTree = "<group>"; };
		5EB0216245224CB3A9B12F92 /* awsconfiguration.json */ = {isa = PBXFileReference; explicitFileType = undefined; fileEncoding = 9; includeInIndex = 0; lastKnownFileType = unknown; path = awsconfiguration.json; sourceTree = "<group>"; };
		6292782B752FD80883A07D5E /* Pods-sync-expressions-proto.debug.xcconfig */ = {isa = PBXFileReference; includeInIndex = 1; lastKnownFileType = text.xcconfig; name = "Pods-sync-expressions-proto.debug.xcconfig"; path = "Target Support Files/Pods-sync-expressions-proto/Pods-sync-expressions-proto.debug.xcconfig"; sourceTree = "<group>"; };
		7C39BE7725ABC06700435ACE /* sync-expressions-proto.app */ = {isa = PBXFileReference; explicitFileType = wrapper.application; includeInIndex = 0; path = "sync-expressions-proto.app"; sourceTree = BUILT_PRODUCTS_DIR; };
		7C39BE7A25ABC06700435ACE /* sync_expressions_protoApp.swift */ = {isa = PBXFileReference; lastKnownFileType = sourcecode.swift; path = sync_expressions_protoApp.swift; sourceTree = "<group>"; };
		7C39BE7C25ABC06700435ACE /* ContentView.swift */ = {isa = PBXFileReference; lastKnownFileType = sourcecode.swift; path = ContentView.swift; sourceTree = "<group>"; };
		7C39BE7E25ABC06900435ACE /* Assets.xcassets */ = {isa = PBXFileReference; lastKnownFileType = folder.assetcatalog; path = Assets.xcassets; sourceTree = "<group>"; };
		7C39BE8125ABC06900435ACE /* Preview Assets.xcassets */ = {isa = PBXFileReference; lastKnownFileType = folder.assetcatalog; path = "Preview Assets.xcassets"; sourceTree = "<group>"; };
		7C39BE8325ABC06900435ACE /* Info.plist */ = {isa = PBXFileReference; lastKnownFileType = text.plist.xml; path = Info.plist; sourceTree = "<group>"; };
		7C39BE9525ABCD6F00435ACE /* AmplifyModels.swift */ = {isa = PBXFileReference; fileEncoding = 4; lastKnownFileType = sourcecode.swift; name = AmplifyModels.swift; path = amplify/generated/models/AmplifyModels.swift; sourceTree = SOURCE_ROOT; };
		7C39BE9625ABCD6F00435ACE /* TVSeries+Schema.swift */ = {isa = PBXFileReference; fileEncoding = 4; lastKnownFileType = sourcecode.swift; name = "TVSeries+Schema.swift"; path = "amplify/generated/models/TVSeries+Schema.swift"; sourceTree = SOURCE_ROOT; };
		7C39BE9725ABCD6F00435ACE /* Category.swift */ = {isa = PBXFileReference; fileEncoding = 4; lastKnownFileType = sourcecode.swift; name = Category.swift; path = amplify/generated/models/Category.swift; sourceTree = SOURCE_ROOT; };
		7C39BE9825ABCD6F00435ACE /* TVSeries.swift */ = {isa = PBXFileReference; fileEncoding = 4; lastKnownFileType = sourcecode.swift; name = TVSeries.swift; path = amplify/generated/models/TVSeries.swift; sourceTree = SOURCE_ROOT; };
		7DE0169DC6718293AE20F6F0 /* Pods-sync-expressions-proto.release.xcconfig */ = {isa = PBXFileReference; includeInIndex = 1; lastKnownFileType = text.xcconfig; name = "Pods-sync-expressions-proto.release.xcconfig"; path = "Target Support Files/Pods-sync-expressions-proto/Pods-sync-expressions-proto.release.xcconfig"; sourceTree = "<group>"; };
		A8A6FE8C23DD4B2994833E20 /* amplifyconfiguration.json */ = {isa = PBXFileReference; explicitFileType = undefined; fileEncoding = 9; includeInIndex = 0; lastKnownFileType = unknown; path = amplifyconfiguration.json; sourceTree = "<group>"; };
		ECEE4660EFCB67C472FC2D00 /* Pods_sync_expressions_proto.framework */ = {isa = PBXFileReference; explicitFileType = wrapper.framework; includeInIndex = 0; path = Pods_sync_expressions_proto.framework; sourceTree = BUILT_PRODUCTS_DIR; };
/* End PBXFileReference section */

/* Begin PBXFrameworksBuildPhase section */
		7C39BE7425ABC06700435ACE /* Frameworks */ = {
			isa = PBXFrameworksBuildPhase;
			buildActionMask = 2147483647;
			files = (
				9C5B52A5383469D6A9A2D08B /* Pods_sync_expressions_proto.framework in Frameworks */,
			);
			runOnlyForDeploymentPostprocessing = 0;
		};
/* End PBXFrameworksBuildPhase section */

/* Begin PBXGroup section */
		7C39BE6E25ABC06700435ACE = {
			isa = PBXGroup;
			children = (
				E6850E8F5D5441B4A0B09153 /* AmplifyConfig */,
				7C39BE7925ABC06700435ACE /* sync-expressions-proto */,
				7C39BE7825ABC06700435ACE /* Products */,
				CB58104E8AE97073D6AC6415 /* Pods */,
				9B342DE84B6B7C704391A5AA /* Frameworks */,
			);
			sourceTree = "<group>";
		};
		7C39BE7825ABC06700435ACE /* Products */ = {
			isa = PBXGroup;
			children = (
				7C39BE7725ABC06700435ACE /* sync-expressions-proto.app */,
			);
			name = Products;
			sourceTree = "<group>";
		};
		7C39BE7925ABC06700435ACE /* sync-expressions-proto */ = {
			isa = PBXGroup;
			children = (
				7C39BE9525ABCD6F00435ACE /* AmplifyModels.swift */,
				7C39BE9725ABCD6F00435ACE /* Category.swift */,
				7C39BE9825ABCD6F00435ACE /* TVSeries.swift */,
				7C39BE9625ABCD6F00435ACE /* TVSeries+Schema.swift */,
				7C39BE7A25ABC06700435ACE /* sync_expressions_protoApp.swift */,
				7C39BE7C25ABC06700435ACE /* ContentView.swift */,
				7C39BE7E25ABC06900435ACE /* Assets.xcassets */,
				7C39BE8325ABC06900435ACE /* Info.plist */,
				7C39BE8025ABC06900435ACE /* Preview Content */,
			);
			path = "sync-expressions-proto";
			sourceTree = "<group>";
		};
		7C39BE8025ABC06900435ACE /* Preview Content */ = {
			isa = PBXGroup;
			children = (
				7C39BE8125ABC06900435ACE /* Preview Assets.xcassets */,
			);
			path = "Preview Content";
			sourceTree = "<group>";
		};
		9B342DE84B6B7C704391A5AA /* Frameworks */ = {
			isa = PBXGroup;
			children = (
				ECEE4660EFCB67C472FC2D00 /* Pods_sync_expressions_proto.framework */,
			);
			name = Frameworks;
			sourceTree = "<group>";
		};
		CB58104E8AE97073D6AC6415 /* Pods */ = {
			isa = PBXGroup;
			children = (
				6292782B752FD80883A07D5E /* Pods-sync-expressions-proto.debug.xcconfig */,
				7DE0169DC6718293AE20F6F0 /* Pods-sync-expressions-proto.release.xcconfig */,
			);
			path = Pods;
			sourceTree = "<group>";
		};
		E6850E8F5D5441B4A0B09153 /* AmplifyConfig */ = {
			isa = PBXGroup;
			children = (
				028D7F0A394E40459772BE19 /* amplifytools.xcconfig */,
				A8A6FE8C23DD4B2994833E20 /* amplifyconfiguration.json */,
				5EB0216245224CB3A9B12F92 /* awsconfiguration.json */,
				007E84E22CCE4344BBF7FC62 /* schema.graphql */,
			);
			name = AmplifyConfig;
			path = .;
			sourceTree = "<group>";
		};
/* End PBXGroup section */

/* Begin PBXNativeTarget section */
		7C39BE7625ABC06700435ACE /* sync-expressions-proto */ = {
			isa = PBXNativeTarget;
			buildConfigurationList = 7C39BE8625ABC06900435ACE /* Build configuration list for PBXNativeTarget "sync-expressions-proto" */;
			buildPhases = (
				290FFFB51917B43B50E4D7B9 /* [CP] Check Pods Manifest.lock */,
				7C39BE7325ABC06700435ACE /* Sources */,
				7C39BE7425ABC06700435ACE /* Frameworks */,
				7C39BE7525ABC06700435ACE /* Resources */,
				7C31E20D75DC03D9F8E5B070 /* [CP] Embed Pods Frameworks */,
			);
			buildRules = (
			);
			dependencies = (
			);
			name = "sync-expressions-proto";
			productName = "sync-expressions-proto";
			productReference = 7C39BE7725ABC06700435ACE /* sync-expressions-proto.app */;
			productType = "com.apple.product-type.application";
		};
/* End PBXNativeTarget section */

/* Begin PBXProject section */
		7C39BE6F25ABC06700435ACE /* Project object */ = {
			isa = PBXProject;
			attributes = {
				LastSwiftUpdateCheck = 1230;
				LastUpgradeCheck = 1230;
				TargetAttributes = {
					7C39BE7625ABC06700435ACE = {
						CreatedOnToolsVersion = 12.3;
					};
				};
			};
			buildConfigurationList = 7C39BE7225ABC06700435ACE /* Build configuration list for PBXProject "sync-expressions-proto" */;
			compatibilityVersion = "Xcode 9.3";
			developmentRegion = en;
			hasScannedForEncodings = 0;
			knownRegions = (
				en,
				Base,
			);
			mainGroup = 7C39BE6E25ABC06700435ACE;
			productRefGroup = 7C39BE7825ABC06700435ACE /* Products */;
			projectDirPath = "";
			projectRoot = "";
			targets = (
				7C39BE7625ABC06700435ACE /* sync-expressions-proto */,
			);
		};
/* End PBXProject section */

/* Begin PBXResourcesBuildPhase section */
		7C39BE7525ABC06700435ACE /* Resources */ = {
			isa = PBXResourcesBuildPhase;
			buildActionMask = 2147483647;
			files = (
				7C39BE8225ABC06900435ACE /* Preview Assets.xcassets in Resources */,
				7C39BE7F25ABC06900435ACE /* Assets.xcassets in Resources */,
				59B9E4244D904BFAA3077B02 /* amplifyconfiguration.json in Resources */,
				D8EFBE913F8947A085717BEA /* awsconfiguration.json in Resources */,
			);
			runOnlyForDeploymentPostprocessing = 0;
		};
/* End PBXResourcesBuildPhase section */

/* Begin PBXShellScriptBuildPhase section */
		290FFFB51917B43B50E4D7B9 /* [CP] Check Pods Manifest.lock */ = {
			isa = PBXShellScriptBuildPhase;
			buildActionMask = 2147483647;
			files = (
			);
			inputFileListPaths = (
			);
			inputPaths = (
				"${PODS_PODFILE_DIR_PATH}/Podfile.lock",
				"${PODS_ROOT}/Manifest.lock",
			);
			name = "[CP] Check Pods Manifest.lock";
			outputFileListPaths = (
			);
			outputPaths = (
				"$(DERIVED_FILE_DIR)/Pods-sync-expressions-proto-checkManifestLockResult.txt",
			);
			runOnlyForDeploymentPostprocessing = 0;
			shellPath = /bin/sh;
			shellScript = "diff \"${PODS_PODFILE_DIR_PATH}/Podfile.lock\" \"${PODS_ROOT}/Manifest.lock\" > /dev/null\nif [ $? != 0 ] ; then\n    # print error to STDERR\n    echo \"error: The sandbox is not in sync with the Podfile.lock. Run 'pod install' or update your CocoaPods installation.\" >&2\n    exit 1\nfi\n# This output is used by Xcode 'outputs' to avoid re-running this script phase.\necho \"SUCCESS\" > \"${SCRIPT_OUTPUT_FILE_0}\"\n";
			showEnvVarsInLog = 0;
		};
		7C31E20D75DC03D9F8E5B070 /* [CP] Embed Pods Frameworks */ = {
			isa = PBXShellScriptBuildPhase;
			buildActionMask = 2147483647;
			files = (
			);
			inputFileListPaths = (
				"${PODS_ROOT}/Target Support Files/Pods-sync-expressions-proto/Pods-sync-expressions-proto-frameworks-${CONFIGURATION}-input-files.xcfilelist",
			);
			name = "[CP] Embed Pods Frameworks";
			outputFileListPaths = (
				"${PODS_ROOT}/Target Support Files/Pods-sync-expressions-proto/Pods-sync-expressions-proto-frameworks-${CONFIGURATION}-output-files.xcfilelist",
			);
			runOnlyForDeploymentPostprocessing = 0;
			shellPath = /bin/sh;
			shellScript = "\"${PODS_ROOT}/Target Support Files/Pods-sync-expressions-proto/Pods-sync-expressions-proto-frameworks.sh\"\n";
			showEnvVarsInLog = 0;
		};
/* End PBXShellScriptBuildPhase section */

/* Begin PBXSourcesBuildPhase section */
		7C39BE7325ABC06700435ACE /* Sources */ = {
			isa = PBXSourcesBuildPhase;
			buildActionMask = 2147483647;
			files = (
				7C39BE7D25ABC06700435ACE /* ContentView.swift in Sources */,
				7C39BE9B25ABCD6F00435ACE /* Category.swift in Sources */,
				7C39BE9A25ABCD6F00435ACE /* TVSeries+Schema.swift in Sources */,
				7C39BE9925ABCD6F00435ACE /* AmplifyModels.swift in Sources */,
				7C39BE9C25ABCD6F00435ACE /* TVSeries.swift in Sources */,
				7C39BE7B25ABC06700435ACE /* sync_expressions_protoApp.swift in Sources */,
			);
			runOnlyForDeploymentPostprocessing = 0;
		};
/* End PBXSourcesBuildPhase section */

/* Begin XCBuildConfiguration section */
		7C39BE8425ABC06900435ACE /* Debug */ = {
			isa = XCBuildConfiguration;
			buildSettings = {
				ALWAYS_SEARCH_USER_PATHS = NO;
				CLANG_ANALYZER_NONNULL = YES;
				CLANG_ANALYZER_NUMBER_OBJECT_CONVERSION = YES_AGGRESSIVE;
				CLANG_CXX_LANGUAGE_STANDARD = "gnu++14";
				CLANG_CXX_LIBRARY = "libc++";
				CLANG_ENABLE_MODULES = YES;
				CLANG_ENABLE_OBJC_ARC = YES;
				CLANG_ENABLE_OBJC_WEAK = YES;
				CLANG_WARN_BLOCK_CAPTURE_AUTORELEASING = YES;
				CLANG_WARN_BOOL_CONVERSION = YES;
				CLANG_WARN_COMMA = YES;
				CLANG_WARN_CONSTANT_CONVERSION = YES;
				CLANG_WARN_DEPRECATED_OBJC_IMPLEMENTATIONS = YES;
				CLANG_WARN_DIRECT_OBJC_ISA_USAGE = YES_ERROR;
				CLANG_WARN_DOCUMENTATION_COMMENTS = YES;
				CLANG_WARN_EMPTY_BODY = YES;
				CLANG_WARN_ENUM_CONVERSION = YES;
				CLANG_WARN_INFINITE_RECURSION = YES;
				CLANG_WARN_INT_CONVERSION = YES;
				CLANG_WARN_NON_LITERAL_NULL_CONVERSION = YES;
				CLANG_WARN_OBJC_IMPLICIT_RETAIN_SELF = YES;
				CLANG_WARN_OBJC_LITERAL_CONVERSION = YES;
				CLANG_WARN_OBJC_ROOT_CLASS = YES_ERROR;
				CLANG_WARN_QUOTED_INCLUDE_IN_FRAMEWORK_HEADER = YES;
				CLANG_WARN_RANGE_LOOP_ANALYSIS = YES;
				CLANG_WARN_STRICT_PROTOTYPES = YES;
				CLANG_WARN_SUSPICIOUS_MOVE = YES;
				CLANG_WARN_UNGUARDED_AVAILABILITY = YES_AGGRESSIVE;
				CLANG_WARN_UNREACHABLE_CODE = YES;
				CLANG_WARN__DUPLICATE_METHOD_MATCH = YES;
				COPY_PHASE_STRIP = NO;
				DEBUG_INFORMATION_FORMAT = dwarf;
				ENABLE_STRICT_OBJC_MSGSEND = YES;
				ENABLE_TESTABILITY = YES;
				GCC_C_LANGUAGE_STANDARD = gnu11;
				GCC_DYNAMIC_NO_PIC = NO;
				GCC_NO_COMMON_BLOCKS = YES;
				GCC_OPTIMIZATION_LEVEL = 0;
				GCC_PREPROCESSOR_DEFINITIONS = (
					"DEBUG=1",
					"$(inherited)",
				);
				GCC_WARN_64_TO_32_BIT_CONVERSION = YES;
				GCC_WARN_ABOUT_RETURN_TYPE = YES_ERROR;
				GCC_WARN_UNDECLARED_SELECTOR = YES;
				GCC_WARN_UNINITIALIZED_AUTOS = YES_AGGRESSIVE;
				GCC_WARN_UNUSED_FUNCTION = YES;
				GCC_WARN_UNUSED_VARIABLE = YES;
				IPHONEOS_DEPLOYMENT_TARGET = 14.3;
				MTL_ENABLE_DEBUG_INFO = INCLUDE_SOURCE;
				MTL_FAST_MATH = YES;
				ONLY_ACTIVE_ARCH = YES;
				SDKROOT = iphoneos;
				SWIFT_ACTIVE_COMPILATION_CONDITIONS = DEBUG;
				SWIFT_OPTIMIZATION_LEVEL = "-Onone";
			};
			name = Debug;
		};
		7C39BE8525ABC06900435ACE /* Release */ = {
			isa = XCBuildConfiguration;
			buildSettings = {
				ALWAYS_SEARCH_USER_PATHS = NO;
				CLANG_ANALYZER_NONNULL = YES;
				CLANG_ANALYZER_NUMBER_OBJECT_CONVERSION = YES_AGGRESSIVE;
				CLANG_CXX_LANGUAGE_STANDARD = "gnu++14";
				CLANG_CXX_LIBRARY = "libc++";
				CLANG_ENABLE_MODULES = YES;
				CLANG_ENABLE_OBJC_ARC = YES;
				CLANG_ENABLE_OBJC_WEAK = YES;
				CLANG_WARN_BLOCK_CAPTURE_AUTORELEASING = YES;
				CLANG_WARN_BOOL_CONVERSION = YES;
				CLANG_WARN_COMMA = YES;
				CLANG_WARN_CONSTANT_CONVERSION = YES;
				CLANG_WARN_DEPRECATED_OBJC_IMPLEMENTATIONS = YES;
				CLANG_WARN_DIRECT_OBJC_ISA_USAGE = YES_ERROR;
				CLANG_WARN_DOCUMENTATION_COMMENTS = YES;
				CLANG_WARN_EMPTY_BODY = YES;
				CLANG_WARN_ENUM_CONVERSION = YES;
				CLANG_WARN_INFINITE_RECURSION = YES;
				CLANG_WARN_INT_CONVERSION = YES;
				CLANG_WARN_NON_LITERAL_NULL_CONVERSION = YES;
				CLANG_WARN_OBJC_IMPLICIT_RETAIN_SELF = YES;
				CLANG_WARN_OBJC_LITERAL_CONVERSION = YES;
				CLANG_WARN_OBJC_ROOT_CLASS = YES_ERROR;
				CLANG_WARN_QUOTED_INCLUDE_IN_FRAMEWORK_HEADER = YES;
				CLANG_WARN_RANGE_LOOP_ANALYSIS = YES;
				CLANG_WARN_STRICT_PROTOTYPES = YES;
				CLANG_WARN_SUSPICIOUS_MOVE = YES;
				CLANG_WARN_UNGUARDED_AVAILABILITY = YES_AGGRESSIVE;
				CLANG_WARN_UNREACHABLE_CODE = YES;
				CLANG_WARN__DUPLICATE_METHOD_MATCH = YES;
				COPY_PHASE_STRIP = NO;
				DEBUG_INFORMATION_FORMAT = "dwarf-with-dsym";
				ENABLE_NS_ASSERTIONS = NO;
				ENABLE_STRICT_OBJC_MSGSEND = YES;
				GCC_C_LANGUAGE_STANDARD = gnu11;
				GCC_NO_COMMON_BLOCKS = YES;
				GCC_WARN_64_TO_32_BIT_CONVERSION = YES;
				GCC_WARN_ABOUT_RETURN_TYPE = YES_ERROR;
				GCC_WARN_UNDECLARED_SELECTOR = YES;
				GCC_WARN_UNINITIALIZED_AUTOS = YES_AGGRESSIVE;
				GCC_WARN_UNUSED_FUNCTION = YES;
				GCC_WARN_UNUSED_VARIABLE = YES;
				IPHONEOS_DEPLOYMENT_TARGET = 14.3;
				MTL_ENABLE_DEBUG_INFO = NO;
				MTL_FAST_MATH = YES;
				SDKROOT = iphoneos;
				SWIFT_COMPILATION_MODE = wholemodule;
				SWIFT_OPTIMIZATION_LEVEL = "-O";
				VALIDATE_PRODUCT = YES;
			};
			name = Release;
		};
		7C39BE8725ABC06900435ACE /* Debug */ = {
			isa = XCBuildConfiguration;
			baseConfigurationReference = 6292782B752FD80883A07D5E /* Pods-sync-expressions-proto.debug.xcconfig */;
			buildSettings = {
				ASSETCATALOG_COMPILER_APPICON_NAME = AppIcon;
				ASSETCATALOG_COMPILER_GLOBAL_ACCENT_COLOR_NAME = AccentColor;
				CODE_SIGN_STYLE = Automatic;
				DEVELOPMENT_ASSET_PATHS = "\"sync-expressions-proto/Preview Content\"";
				DEVELOPMENT_TEAM = 5K99777NES;
				ENABLE_PREVIEWS = YES;
				INFOPLIST_FILE = "sync-expressions-proto/Info.plist";
				IPHONEOS_DEPLOYMENT_TARGET = 14.0;
				LD_RUNPATH_SEARCH_PATHS = (
					"$(inherited)",
					"@executable_path/Frameworks",
				);
				PRODUCT_BUNDLE_IDENTIFIER = "com.kiloloco.sync-expressions-proto";
				PRODUCT_NAME = "$(TARGET_NAME)";
				SWIFT_VERSION = 5.0;
				TARGETED_DEVICE_FAMILY = "1,2";
			};
			name = Debug;
		};
		7C39BE8825ABC06900435ACE /* Release */ = {
			isa = XCBuildConfiguration;
			baseConfigurationReference = 7DE0169DC6718293AE20F6F0 /* Pods-sync-expressions-proto.release.xcconfig */;
			buildSettings = {
				ASSETCATALOG_COMPILER_APPICON_NAME = AppIcon;
				ASSETCATALOG_COMPILER_GLOBAL_ACCENT_COLOR_NAME = AccentColor;
				CODE_SIGN_STYLE = Automatic;
				DEVELOPMENT_ASSET_PATHS = "\"sync-expressions-proto/Preview Content\"";
				DEVELOPMENT_TEAM = 5K99777NES;
				ENABLE_PREVIEWS = YES;
				INFOPLIST_FILE = "sync-expressions-proto/Info.plist";
				IPHONEOS_DEPLOYMENT_TARGET = 14.0;
				LD_RUNPATH_SEARCH_PATHS = (
					"$(inherited)",
					"@executable_path/Frameworks",
				);
				PRODUCT_BUNDLE_IDENTIFIER = "com.kiloloco.sync-expressions-proto";
				PRODUCT_NAME = "$(TARGET_NAME)";
				SWIFT_VERSION = 5.0;
				TARGETED_DEVICE_FAMILY = "1,2";
			};
			name = Release;
		};
/* End XCBuildConfiguration section */

/* Begin XCConfigurationList section */
		7C39BE7225ABC06700435ACE /* Build configuration list for PBXProject "sync-expressions-proto" */ = {
			isa = XCConfigurationList;
			buildConfigurations = (
				7C39BE8425ABC06900435ACE /* Debug */,
				7C39BE8525ABC06900435ACE /* Release */,
			);
			defaultConfigurationIsVisible = 0;
			defaultConfigurationName = Release;
		};
		7C39BE8625ABC06900435ACE /* Build configuration list for PBXNativeTarget "sync-expressions-proto" */ = {
			isa = XCConfigurationList;
			buildConfigurations = (
				7C39BE8725ABC06900435ACE /* Debug */,
				7C39BE8825ABC06900435ACE /* Release */,
			);
			defaultConfigurationIsVisible = 0;
			defaultConfigurationName = Release;
		};
/* End XCConfigurationList section */
	};
	rootObject = 7C39BE6F25ABC06700435ACE /* Project object */;
}
