// !$*UTF8*$!
{
	archiveVersion = 1;
	classes = {
	};
	objectVersion = 50;
	objects = {

/* Begin PBXBuildFile section */
		02EC466E00CC46878A7F49E7 /* amplifyconfiguration.json in Resources */ = {isa = PBXBuildFile; fileRef = 774789637F8F4D8ABE8AFB99 /* amplifyconfiguration.json */; };
		39E392EB9A9FE9041CBE6E57 /* Pods_custom_auth.framework in Frameworks */ = {isa = PBXBuildFile; fileRef = D2F78C2A08130D28C8AEEEE4 /* Pods_custom_auth.framework */; };
		49C0BFDF286D4342A88F2534 /* awsconfiguration.json in Resources */ = {isa = PBXBuildFile; fileRef = F611C10605BB4BB5A649CC5E /* awsconfiguration.json */; };
		7C50A94825B94BC200B953F8 /* custom_authApp.swift in Sources */ = {isa = PBXBuildFile; fileRef = 7C50A94725B94BC200B953F8 /* custom_authApp.swift */; };
		7C50A94A25B94BC200B953F8 /* ContentView.swift in Sources */ = {isa = PBXBuildFile; fileRef = 7C50A94925B94BC200B953F8 /* ContentView.swift */; };
		7C50A94C25B94BC400B953F8 /* Assets.xcassets in Resources */ = {isa = PBXBuildFile; fileRef = 7C50A94B25B94BC400B953F8 /* Assets.xcassets */; };
		7C50A94F25B94BC400B953F8 /* Preview Assets.xcassets in Resources */ = {isa = PBXBuildFile; fileRef = 7C50A94E25B94BC400B953F8 /* Preview Assets.xcassets */; };
/* End PBXBuildFile section */

/* Begin PBXFileReference section */
		20450D1BCBF4F1D5E7BF2F24 /* Pods-custom-auth.release.xcconfig */ = {isa = PBXFileReference; includeInIndex = 1; lastKnownFileType = text.xcconfig; name = "Pods-custom-auth.release.xcconfig"; path = "Target Support Files/Pods-custom-auth/Pods-custom-auth.release.xcconfig"; sourceTree = "<group>"; };
		774789637F8F4D8ABE8AFB99 /* amplifyconfiguration.json */ = {isa = PBXFileReference; explicitFileType = undefined; fileEncoding = undefined; includeInIndex = 0; lastKnownFileType = unknown; name = amplifyconfiguration.json; path = amplifyconfiguration.json; sourceTree = "<group>"; };
		7C50A94425B94BC200B953F8 /* custom-auth.app */ = {isa = PBXFileReference; explicitFileType = wrapper.application; includeInIndex = 0; path = "custom-auth.app"; sourceTree = BUILT_PRODUCTS_DIR; };
		7C50A94725B94BC200B953F8 /* custom_authApp.swift */ = {isa = PBXFileReference; lastKnownFileType = sourcecode.swift; path = custom_authApp.swift; sourceTree = "<group>"; };
		7C50A94925B94BC200B953F8 /* ContentView.swift */ = {isa = PBXFileReference; lastKnownFileType = sourcecode.swift; path = ContentView.swift; sourceTree = "<group>"; };
		7C50A94B25B94BC400B953F8 /* Assets.xcassets */ = {isa = PBXFileReference; lastKnownFileType = folder.assetcatalog; path = Assets.xcassets; sourceTree = "<group>"; };
		7C50A94E25B94BC400B953F8 /* Preview Assets.xcassets */ = {isa = PBXFileReference; lastKnownFileType = folder.assetcatalog; path = "Preview Assets.xcassets"; sourceTree = "<group>"; };
		7C50A95025B94BC400B953F8 /* Info.plist */ = {isa = PBXFileReference; lastKnownFileType = text.plist.xml; path = Info.plist; sourceTree = "<group>"; };
		93DEA0AF78BCE9A7E47A507F /* Pods-custom-auth.debug.xcconfig */ = {isa = PBXFileReference; includeInIndex = 1; lastKnownFileType = text.xcconfig; name = "Pods-custom-auth.debug.xcconfig"; path = "Target Support Files/Pods-custom-auth/Pods-custom-auth.debug.xcconfig"; sourceTree = "<group>"; };
		A92D1F71A4614FFAB6AE591F /* amplifytools.xcconfig */ = {isa = PBXFileReference; explicitFileType = undefined; fileEncoding = 4; includeInIndex = 0; lastKnownFileType = text.xcconfig; name = amplifytools.xcconfig; path = amplifytools.xcconfig; sourceTree = "<group>"; };
		D2F78C2A08130D28C8AEEEE4 /* Pods_custom_auth.framework */ = {isa = PBXFileReference; explicitFileType = wrapper.framework; includeInIndex = 0; path = Pods_custom_auth.framework; sourceTree = BUILT_PRODUCTS_DIR; };
		F611C10605BB4BB5A649CC5E /* awsconfiguration.json */ = {isa = PBXFileReference; explicitFileType = undefined; fileEncoding = undefined; includeInIndex = 0; lastKnownFileType = unknown; name = awsconfiguration.json; path = awsconfiguration.json; sourceTree = "<group>"; };
/* End PBXFileReference section */

/* Begin PBXFrameworksBuildPhase section */
		7C50A94125B94BC200B953F8 /* Frameworks */ = {
			isa = PBXFrameworksBuildPhase;
			buildActionMask = 2147483647;
			files = (
				39E392EB9A9FE9041CBE6E57 /* Pods_custom_auth.framework in Frameworks */,
			);
			runOnlyForDeploymentPostprocessing = 0;
		};
/* End PBXFrameworksBuildPhase section */

/* Begin PBXGroup section */
		4B8FE7CC95BC4B18AEDB8131 /* AmplifyConfig */ = {
			isa = PBXGroup;
			children = (
				A92D1F71A4614FFAB6AE591F /* amplifytools.xcconfig */,
				774789637F8F4D8ABE8AFB99 /* amplifyconfiguration.json */,
				F611C10605BB4BB5A649CC5E /* awsconfiguration.json */,
			);
			name = AmplifyConfig;
			path = .;
			sourceTree = "<group>";
		};
		7C50A93B25B94BC200B953F8 = {
			isa = PBXGroup;
			children = (
				4B8FE7CC95BC4B18AEDB8131 /* AmplifyConfig */,
				7C50A94625B94BC200B953F8 /* custom-auth */,
				7C50A94525B94BC200B953F8 /* Products */,
				E86BC4F877E5B7C0F39CDBC6 /* Pods */,
				99780C1412EDB474C0A9BE1A /* Frameworks */,
			);
			sourceTree = "<group>";
		};
		7C50A94525B94BC200B953F8 /* Products */ = {
			isa = PBXGroup;
			children = (
				7C50A94425B94BC200B953F8 /* custom-auth.app */,
			);
			name = Products;
			sourceTree = "<group>";
		};
		7C50A94625B94BC200B953F8 /* custom-auth */ = {
			isa = PBXGroup;
			children = (
				7C50A94725B94BC200B953F8 /* custom_authApp.swift */,
				7C50A94925B94BC200B953F8 /* ContentView.swift */,
				7C50A94B25B94BC400B953F8 /* Assets.xcassets */,
				7C50A95025B94BC400B953F8 /* Info.plist */,
				7C50A94D25B94BC400B953F8 /* Preview Content */,
			);
			path = "custom-auth";
			sourceTree = "<group>";
		};
		7C50A94D25B94BC400B953F8 /* Preview Content */ = {
			isa = PBXGroup;
			children = (
				7C50A94E25B94BC400B953F8 /* Preview Assets.xcassets */,
			);
			path = "Preview Content";
			sourceTree = "<group>";
		};
		99780C1412EDB474C0A9BE1A /* Frameworks */ = {
			isa = PBXGroup;
			children = (
				D2F78C2A08130D28C8AEEEE4 /* Pods_custom_auth.framework */,
			);
			name = Frameworks;
			sourceTree = "<group>";
		};
		E86BC4F877E5B7C0F39CDBC6 /* Pods */ = {
			isa = PBXGroup;
			children = (
				93DEA0AF78BCE9A7E47A507F /* Pods-custom-auth.debug.xcconfig */,
				20450D1BCBF4F1D5E7BF2F24 /* Pods-custom-auth.release.xcconfig */,
			);
			name = Pods;
			path = Pods;
			sourceTree = "<group>";
		};
/* End PBXGroup section */

/* Begin PBXNativeTarget section */
		7C50A94325B94BC200B953F8 /* custom-auth */ = {
			isa = PBXNativeTarget;
			buildConfigurationList = 7C50A95325B94BC400B953F8 /* Build configuration list for PBXNativeTarget "custom-auth" */;
			buildPhases = (
				2B3099F6EBF064435F630F7C /* [CP] Check Pods Manifest.lock */,
				7C50A94025B94BC200B953F8 /* Sources */,
				7C50A94125B94BC200B953F8 /* Frameworks */,
				7C50A94225B94BC200B953F8 /* Resources */,
				A69A38A58BC4AC98EEF14B97 /* [CP] Embed Pods Frameworks */,
			);
			buildRules = (
			);
			dependencies = (
			);
			name = "custom-auth";
			productName = "custom-auth";
			productReference = 7C50A94425B94BC200B953F8 /* custom-auth.app */;
			productType = "com.apple.product-type.application";
		};
/* End PBXNativeTarget section */

/* Begin PBXProject section */
		7C50A93C25B94BC200B953F8 /* Project object */ = {
			isa = PBXProject;
			attributes = {
				LastSwiftUpdateCheck = 1230;
				LastUpgradeCheck = 1230;
				TargetAttributes = {
					7C50A94325B94BC200B953F8 = {
						CreatedOnToolsVersion = 12.3;
					};
				};
			};
			buildConfigurationList = 7C50A93F25B94BC200B953F8 /* Build configuration list for PBXProject "custom-auth" */;
			compatibilityVersion = "Xcode 9.3";
			developmentRegion = en;
			hasScannedForEncodings = 0;
			knownRegions = (
				en,
				Base,
			);
			mainGroup = 7C50A93B25B94BC200B953F8;
			productRefGroup = 7C50A94525B94BC200B953F8 /* Products */;
			projectDirPath = "";
			projectRoot = "";
			targets = (
				7C50A94325B94BC200B953F8 /* custom-auth */,
			);
		};
/* End PBXProject section */

/* Begin PBXResourcesBuildPhase section */
		7C50A94225B94BC200B953F8 /* Resources */ = {
			isa = PBXResourcesBuildPhase;
			buildActionMask = 2147483647;
			files = (
				7C50A94F25B94BC400B953F8 /* Preview Assets.xcassets in Resources */,
				7C50A94C25B94BC400B953F8 /* Assets.xcassets in Resources */,
				02EC466E00CC46878A7F49E7 /* amplifyconfiguration.json in Resources */,
				49C0BFDF286D4342A88F2534 /* awsconfiguration.json in Resources */,
			);
			runOnlyForDeploymentPostprocessing = 0;
		};
/* End PBXResourcesBuildPhase section */

/* Begin PBXShellScriptBuildPhase section */
		2B3099F6EBF064435F630F7C /* [CP] Check Pods Manifest.lock */ = {
			isa = PBXShellScriptBuildPhase;
			buildActionMask = 2147483647;
			files = (
			);
			inputFileListPaths = (
			);
			inputPaths = (
				"${PODS_PODFILE_DIR_PATH}/Podfile.lock",
				"${PODS_ROOT}/Manifest.lock",
			);
			name = "[CP] Check Pods Manifest.lock";
			outputFileListPaths = (
			);
			outputPaths = (
				"$(DERIVED_FILE_DIR)/Pods-custom-auth-checkManifestLockResult.txt",
			);
			runOnlyForDeploymentPostprocessing = 0;
			shellPath = /bin/sh;
			shellScript = "diff \"${PODS_PODFILE_DIR_PATH}/Podfile.lock\" \"${PODS_ROOT}/Manifest.lock\" > /dev/null\nif [ $? != 0 ] ; then\n    # print error to STDERR\n    echo \"error: The sandbox is not in sync with the Podfile.lock. Run 'pod install' or update your CocoaPods installation.\" >&2\n    exit 1\nfi\n# This output is used by Xcode 'outputs' to avoid re-running this script phase.\necho \"SUCCESS\" > \"${SCRIPT_OUTPUT_FILE_0}\"\n";
			showEnvVarsInLog = 0;
		};
		A69A38A58BC4AC98EEF14B97 /* [CP] Embed Pods Frameworks */ = {
			isa = PBXShellScriptBuildPhase;
			buildActionMask = 2147483647;
			files = (
			);
			inputFileListPaths = (
				"${PODS_ROOT}/Target Support Files/Pods-custom-auth/Pods-custom-auth-frameworks-${CONFIGURATION}-input-files.xcfilelist",
			);
			name = "[CP] Embed Pods Frameworks";
			outputFileListPaths = (
				"${PODS_ROOT}/Target Support Files/Pods-custom-auth/Pods-custom-auth-frameworks-${CONFIGURATION}-output-files.xcfilelist",
			);
			runOnlyForDeploymentPostprocessing = 0;
			shellPath = /bin/sh;
			shellScript = "\"${PODS_ROOT}/Target Support Files/Pods-custom-auth/Pods-custom-auth-frameworks.sh\"\n";
			showEnvVarsInLog = 0;
		};
/* End PBXShellScriptBuildPhase section */

/* Begin PBXSourcesBuildPhase section */
		7C50A94025B94BC200B953F8 /* Sources */ = {
			isa = PBXSourcesBuildPhase;
			buildActionMask = 2147483647;
			files = (
				7C50A94A25B94BC200B953F8 /* ContentView.swift in Sources */,
				7C50A94825B94BC200B953F8 /* custom_authApp.swift in Sources */,
			);
			runOnlyForDeploymentPostprocessing = 0;
		};
/* End PBXSourcesBuildPhase section */

/* Begin XCBuildConfiguration section */
		7C50A95125B94BC400B953F8 /* Debug */ = {
			isa = XCBuildConfiguration;
			buildSettings = {
				ALWAYS_SEARCH_USER_PATHS = NO;
				CLANG_ANALYZER_NONNULL = YES;
				CLANG_ANALYZER_NUMBER_OBJECT_CONVERSION = YES_AGGRESSIVE;
				CLANG_CXX_LANGUAGE_STANDARD = "gnu++14";
				CLANG_CXX_LIBRARY = "libc++";
				CLANG_ENABLE_MODULES = YES;
				CLANG_ENABLE_OBJC_ARC = YES;
				CLANG_ENABLE_OBJC_WEAK = YES;
				CLANG_WARN_BLOCK_CAPTURE_AUTORELEASING = YES;
				CLANG_WARN_BOOL_CONVERSION = YES;
				CLANG_WARN_COMMA = YES;
				CLANG_WARN_CONSTANT_CONVERSION = YES;
				CLANG_WARN_DEPRECATED_OBJC_IMPLEMENTATIONS = YES;
				CLANG_WARN_DIRECT_OBJC_ISA_USAGE = YES_ERROR;
				CLANG_WARN_DOCUMENTATION_COMMENTS = YES;
				CLANG_WARN_EMPTY_BODY = YES;
				CLANG_WARN_ENUM_CONVERSION = YES;
				CLANG_WARN_INFINITE_RECURSION = YES;
				CLANG_WARN_INT_CONVERSION = YES;
				CLANG_WARN_NON_LITERAL_NULL_CONVERSION = YES;
				CLANG_WARN_OBJC_IMPLICIT_RETAIN_SELF = YES;
				CLANG_WARN_OBJC_LITERAL_CONVERSION = YES;
				CLANG_WARN_OBJC_ROOT_CLASS = YES_ERROR;
				CLANG_WARN_QUOTED_INCLUDE_IN_FRAMEWORK_HEADER = YES;
				CLANG_WARN_RANGE_LOOP_ANALYSIS = YES;
				CLANG_WARN_STRICT_PROTOTYPES = YES;
				CLANG_WARN_SUSPICIOUS_MOVE = YES;
				CLANG_WARN_UNGUARDED_AVAILABILITY = YES_AGGRESSIVE;
				CLANG_WARN_UNREACHABLE_CODE = YES;
				CLANG_WARN__DUPLICATE_METHOD_MATCH = YES;
				COPY_PHASE_STRIP = NO;
				DEBUG_INFORMATION_FORMAT = dwarf;
				ENABLE_STRICT_OBJC_MSGSEND = YES;
				ENABLE_TESTABILITY = YES;
				GCC_C_LANGUAGE_STANDARD = gnu11;
				GCC_DYNAMIC_NO_PIC = NO;
				GCC_NO_COMMON_BLOCKS = YES;
				GCC_OPTIMIZATION_LEVEL = 0;
				GCC_PREPROCESSOR_DEFINITIONS = (
					"DEBUG=1",
					"$(inherited)",
				);
				GCC_WARN_64_TO_32_BIT_CONVERSION = YES;
				GCC_WARN_ABOUT_RETURN_TYPE = YES_ERROR;
				GCC_WARN_UNDECLARED_SELECTOR = YES;
				GCC_WARN_UNINITIALIZED_AUTOS = YES_AGGRESSIVE;
				GCC_WARN_UNUSED_FUNCTION = YES;
				GCC_WARN_UNUSED_VARIABLE = YES;
				IPHONEOS_DEPLOYMENT_TARGET = 14.3;
				MTL_ENABLE_DEBUG_INFO = INCLUDE_SOURCE;
				MTL_FAST_MATH = YES;
				ONLY_ACTIVE_ARCH = YES;
				SDKROOT = iphoneos;
				SWIFT_ACTIVE_COMPILATION_CONDITIONS = DEBUG;
				SWIFT_OPTIMIZATION_LEVEL = "-Onone";
			};
			name = Debug;
		};
		7C50A95225B94BC400B953F8 /* Release */ = {
			isa = XCBuildConfiguration;
			buildSettings = {
				ALWAYS_SEARCH_USER_PATHS = NO;
				CLANG_ANALYZER_NONNULL = YES;
				CLANG_ANALYZER_NUMBER_OBJECT_CONVERSION = YES_AGGRESSIVE;
				CLANG_CXX_LANGUAGE_STANDARD = "gnu++14";
				CLANG_CXX_LIBRARY = "libc++";
				CLANG_ENABLE_MODULES = YES;
				CLANG_ENABLE_OBJC_ARC = YES;
				CLANG_ENABLE_OBJC_WEAK = YES;
				CLANG_WARN_BLOCK_CAPTURE_AUTORELEASING = YES;
				CLANG_WARN_BOOL_CONVERSION = YES;
				CLANG_WARN_COMMA = YES;
				CLANG_WARN_CONSTANT_CONVERSION = YES;
				CLANG_WARN_DEPRECATED_OBJC_IMPLEMENTATIONS = YES;
				CLANG_WARN_DIRECT_OBJC_ISA_USAGE = YES_ERROR;
				CLANG_WARN_DOCUMENTATION_COMMENTS = YES;
				CLANG_WARN_EMPTY_BODY = YES;
				CLANG_WARN_ENUM_CONVERSION = YES;
				CLANG_WARN_INFINITE_RECURSION = YES;
				CLANG_WARN_INT_CONVERSION = YES;
				CLANG_WARN_NON_LITERAL_NULL_CONVERSION = YES;
				CLANG_WARN_OBJC_IMPLICIT_RETAIN_SELF = YES;
				CLANG_WARN_OBJC_LITERAL_CONVERSION = YES;
				CLANG_WARN_OBJC_ROOT_CLASS = YES_ERROR;
				CLANG_WARN_QUOTED_INCLUDE_IN_FRAMEWORK_HEADER = YES;
				CLANG_WARN_RANGE_LOOP_ANALYSIS = YES;
				CLANG_WARN_STRICT_PROTOTYPES = YES;
				CLANG_WARN_SUSPICIOUS_MOVE = YES;
				CLANG_WARN_UNGUARDED_AVAILABILITY = YES_AGGRESSIVE;
				CLANG_WARN_UNREACHABLE_CODE = YES;
				CLANG_WARN__DUPLICATE_METHOD_MATCH = YES;
				COPY_PHASE_STRIP = NO;
				DEBUG_INFORMATION_FORMAT = "dwarf-with-dsym";
				ENABLE_NS_ASSERTIONS = NO;
				ENABLE_STRICT_OBJC_MSGSEND = YES;
				GCC_C_LANGUAGE_STANDARD = gnu11;
				GCC_NO_COMMON_BLOCKS = YES;
				GCC_WARN_64_TO_32_BIT_CONVERSION = YES;
				GCC_WARN_ABOUT_RETURN_TYPE = YES_ERROR;
				GCC_WARN_UNDECLARED_SELECTOR = YES;
				GCC_WARN_UNINITIALIZED_AUTOS = YES_AGGRESSIVE;
				GCC_WARN_UNUSED_FUNCTION = YES;
				GCC_WARN_UNUSED_VARIABLE = YES;
				IPHONEOS_DEPLOYMENT_TARGET = 14.3;
				MTL_ENABLE_DEBUG_INFO = NO;
				MTL_FAST_MATH = YES;
				SDKROOT = iphoneos;
				SWIFT_COMPILATION_MODE = wholemodule;
				SWIFT_OPTIMIZATION_LEVEL = "-O";
				VALIDATE_PRODUCT = YES;
			};
			name = Release;
		};
		7C50A95425B94BC400B953F8 /* Debug */ = {
			isa = XCBuildConfiguration;
			baseConfigurationReference = 93DEA0AF78BCE9A7E47A507F /* Pods-custom-auth.debug.xcconfig */;
			buildSettings = {
				ASSETCATALOG_COMPILER_APPICON_NAME = AppIcon;
				ASSETCATALOG_COMPILER_GLOBAL_ACCENT_COLOR_NAME = AccentColor;
				CODE_SIGN_STYLE = Automatic;
				DEVELOPMENT_ASSET_PATHS = "\"custom-auth/Preview Content\"";
				DEVELOPMENT_TEAM = 5K99777NES;
				ENABLE_PREVIEWS = YES;
				INFOPLIST_FILE = "custom-auth/Info.plist";
				IPHONEOS_DEPLOYMENT_TARGET = 14.0;
				LD_RUNPATH_SEARCH_PATHS = (
					"$(inherited)",
					"@executable_path/Frameworks",
				);
				PRODUCT_BUNDLE_IDENTIFIER = "com.kiloloco.custom-auth";
				PRODUCT_NAME = "$(TARGET_NAME)";
				SWIFT_VERSION = 5.0;
				TARGETED_DEVICE_FAMILY = "1,2";
			};
			name = Debug;
		};
		7C50A95525B94BC400B953F8 /* Release */ = {
			isa = XCBuildConfiguration;
			baseConfigurationReference = 20450D1BCBF4F1D5E7BF2F24 /* Pods-custom-auth.release.xcconfig */;
			buildSettings = {
				ASSETCATALOG_COMPILER_APPICON_NAME = AppIcon;
				ASSETCATALOG_COMPILER_GLOBAL_ACCENT_COLOR_NAME = AccentColor;
				CODE_SIGN_STYLE = Automatic;
				DEVELOPMENT_ASSET_PATHS = "\"custom-auth/Preview Content\"";
				DEVELOPMENT_TEAM = 5K99777NES;
				ENABLE_PREVIEWS = YES;
				INFOPLIST_FILE = "custom-auth/Info.plist";
				IPHONEOS_DEPLOYMENT_TARGET = 14.0;
				LD_RUNPATH_SEARCH_PATHS = (
					"$(inherited)",
					"@executable_path/Frameworks",
				);
				PRODUCT_BUNDLE_IDENTIFIER = "com.kiloloco.custom-auth";
				PRODUCT_NAME = "$(TARGET_NAME)";
				SWIFT_VERSION = 5.0;
				TARGETED_DEVICE_FAMILY = "1,2";
			};
			name = Release;
		};
/* End XCBuildConfiguration section */

/* Begin XCConfigurationList section */
		7C50A93F25B94BC200B953F8 /* Build configuration list for PBXProject "custom-auth" */ = {
			isa = XCConfigurationList;
			buildConfigurations = (
				7C50A95125B94BC400B953F8 /* Debug */,
				7C50A95225B94BC400B953F8 /* Release */,
			);
			defaultConfigurationIsVisible = 0;
			defaultConfigurationName = Release;
		};
		7C50A95325B94BC400B953F8 /* Build configuration list for PBXNativeTarget "custom-auth" */ = {
			isa = XCConfigurationList;
			buildConfigurations = (
				7C50A95425B94BC400B953F8 /* Debug */,
				7C50A95525B94BC400B953F8 /* Release */,
			);
			defaultConfigurationIsVisible = 0;
			defaultConfigurationName = Release;
		};
/* End XCConfigurationList section */
	};
	rootObject = 7C50A93C25B94BC200B953F8 /* Project object */;
}
